
Microsoft Visual Studio Solution File, Format Version 12.00
# Visual Studio Version 16
VisualStudioVersion = 16.0.29215.179
MinimumVisualStudioVersion = 10.0.40219.1
Project("{FAE04EC0-301F-11D3-BF4B-00C04F79EFBC}") = "L2C.Budget.BL", "L2C.Budget.BL\L2C.Budget.BL.csproj", "{298DDB19-7344-441F-8630-862DE9569E27}"
EndProject
Project("{FAE04EC0-301F-11D3-BF4B-00C04F79EFBC}") = "L2C.Budget.CMD", "L2C.Budget.CMD\L2C.Budget.CMD.csproj", "{A09E1B52-4E63-421B-8FE1-CEA8A238C926}"
EndProject
Global
	GlobalSection(SolutionConfigurationPlatforms) = preSolution
		Debug|Any CPU = Debug|Any CPU
		Release|Any CPU = Release|Any CPU
	EndGlobalSection
	GlobalSection(ProjectConfigurationPlatforms) = postSolution
		{298DDB19-7344-441F-8630-862DE9569E27}.Debug|Any CPU.ActiveCfg = Debug|Any CPU
		{298DDB19-7344-441F-8630-862DE9569E27}.Debug|Any CPU.Build.0 = Debug|Any CPU
		{298DDB19-7344-441F-8630-862DE9569E27}.Release|Any CPU.ActiveCfg = Release|Any CPU
		{298DDB19-7344-441F-8630-862DE9569E27}.Release|Any CPU.Build.0 = Release|Any CPU
		{A09E1B52-4E63-421B-8FE1-CEA8A238C926}.Debug|Any CPU.ActiveCfg = Debug|Any CPU
		{A09E1B52-4E63-421B-8FE1-CEA8A238C926}.Debug|Any CPU.Build.0 = Debug|Any CPU
		{A09E1B52-4E63-421B-8FE1-CEA8A238C926}.Release|Any CPU.ActiveCfg = Release|Any CPU
		{A09E1B52-4E63-421B-8FE1-CEA8A238C926}.Release|Any CPU.Build.0 = Release|Any CPU
	EndGlobalSection
	GlobalSection(SolutionProperties) = preSolution
		HideSolutionNode = FALSE
	EndGlobalSection
	GlobalSection(ExtensibilityGlobals) = postSolution
		SolutionGuid = {F783AC30-EEB6-4184-B4CD-CB13AA25A36A}
	EndGlobalSection
EndGlobal
